
Microsoft Visual Studio Solution File, Format Version 12.00
# Visual Studio Version 16
VisualStudioVersion = 16.0.31624.102
MinimumVisualStudioVersion = 10.0.40219.1
Project("{FAE04EC0-301F-11D3-BF4B-00C04F79EFBC}") = "Bai1-ThucHanh", "Bai1-ThucHanh\Bai1-ThucHanh.csproj", "{4162891D-12FC-4D4E-A51A-8469F87B5192}"
EndProject
Global
	GlobalSection(SolutionConfigurationPlatforms) = preSolution
		Debug|Any CPU = Debug|Any CPU
		Release|Any CPU = Release|Any CPU
	EndGlobalSection
	GlobalSection(ProjectConfigurationPlatforms) = postSolution
		{4162891D-12FC-4D4E-A51A-8469F87B5192}.Debug|Any CPU.ActiveCfg = Debug|Any CPU
		{4162891D-12FC-4D4E-A51A-8469F87B5192}.Debug|Any CPU.Build.0 = Debug|Any CPU
		{4162891D-12FC-4D4E-A51A-8469F87B5192}.Release|Any CPU.ActiveCfg = Release|Any CPU
		{4162891D-12FC-4D4E-A51A-8469F87B5192}.Release|Any CPU.Build.0 = Release|Any CPU
	EndGlobalSection
	GlobalSection(SolutionProperties) = preSolution
		HideSolutionNode = FALSE
	EndGlobalSection
	GlobalSection(ExtensibilityGlobals) = postSolution
		SolutionGuid = {901BC012-C060-4B1B-AD08-C9CC756EC4D2}
	EndGlobalSection
EndGlobal
