
Microsoft Visual Studio Solution File, Format Version 12.00
# Visual Studio Version 16
VisualStudioVersion = 16.0.31624.102
MinimumVisualStudioVersion = 10.0.40219.1
Project("{9A19103F-16F7-4668-BE54-9A1E7A4F7556}") = "CSharpCanBan", "CSharpCanBan\CSharpCanBan.csproj", "{0963FD94-2664-41D4-B2D1-371B017767FC}"
EndProject
Project("{9A19103F-16F7-4668-BE54-9A1E7A4F7556}") = "tamgiac", "tamgiac\tamgiac.csproj", "{69635380-96A9-40FD-8377-2A15211E8A03}"
EndProject
Project("{FAE04EC0-301F-11D3-BF4B-00C04F79EFBC}") = "XepLoaiHS", "XepLoaiHS\XepLoaiHS.csproj", "{6A2415E2-1FC5-4F02-BF3C-486C8CB623C8}"
EndProject
Project("{FAE04EC0-301F-11D3-BF4B-00C04F79EFBC}") = "TONGCHUOI", "TONGCHUOI\TONGCHUOI.csproj", "{4B59CB97-07E3-4182-99DA-C8827050B9DB}"
EndProject
Project("{FAE04EC0-301F-11D3-BF4B-00C04F79EFBC}") = "CANBACHAI", "CANBACHAI\CANBACHAI.csproj", "{5842B6E5-10B9-4328-BA23-C8CA4D75B43D}"
EndProject
Global
	GlobalSection(SolutionConfigurationPlatforms) = preSolution
		Debug|Any CPU = Debug|Any CPU
		Release|Any CPU = Release|Any CPU
	EndGlobalSection
	GlobalSection(ProjectConfigurationPlatforms) = postSolution
		{0963FD94-2664-41D4-B2D1-371B017767FC}.Debug|Any CPU.ActiveCfg = Debug|Any CPU
		{0963FD94-2664-41D4-B2D1-371B017767FC}.Debug|Any CPU.Build.0 = Debug|Any CPU
		{0963FD94-2664-41D4-B2D1-371B017767FC}.Release|Any CPU.ActiveCfg = Release|Any CPU
		{0963FD94-2664-41D4-B2D1-371B017767FC}.Release|Any CPU.Build.0 = Release|Any CPU
		{69635380-96A9-40FD-8377-2A15211E8A03}.Debug|Any CPU.ActiveCfg = Debug|Any CPU
		{69635380-96A9-40FD-8377-2A15211E8A03}.Debug|Any CPU.Build.0 = Debug|Any CPU
		{69635380-96A9-40FD-8377-2A15211E8A03}.Release|Any CPU.ActiveCfg = Release|Any CPU
		{69635380-96A9-40FD-8377-2A15211E8A03}.Release|Any CPU.Build.0 = Release|Any CPU
		{6A2415E2-1FC5-4F02-BF3C-486C8CB623C8}.Debug|Any CPU.ActiveCfg = Debug|Any CPU
		{6A2415E2-1FC5-4F02-BF3C-486C8CB623C8}.Debug|Any CPU.Build.0 = Debug|Any CPU
		{6A2415E2-1FC5-4F02-BF3C-486C8CB623C8}.Release|Any CPU.ActiveCfg = Release|Any CPU
		{6A2415E2-1FC5-4F02-BF3C-486C8CB623C8}.Release|Any CPU.Build.0 = Release|Any CPU
		{4B59CB97-07E3-4182-99DA-C8827050B9DB}.Debug|Any CPU.ActiveCfg = Debug|Any CPU
		{4B59CB97-07E3-4182-99DA-C8827050B9DB}.Debug|Any CPU.Build.0 = Debug|Any CPU
		{4B59CB97-07E3-4182-99DA-C8827050B9DB}.Release|Any CPU.ActiveCfg = Release|Any CPU
		{4B59CB97-07E3-4182-99DA-C8827050B9DB}.Release|Any CPU.Build.0 = Release|Any CPU
		{5842B6E5-10B9-4328-BA23-C8CA4D75B43D}.Debug|Any CPU.ActiveCfg = Debug|Any CPU
		{5842B6E5-10B9-4328-BA23-C8CA4D75B43D}.Debug|Any CPU.Build.0 = Debug|Any CPU
		{5842B6E5-10B9-4328-BA23-C8CA4D75B43D}.Release|Any CPU.ActiveCfg = Release|Any CPU
		{5842B6E5-10B9-4328-BA23-C8CA4D75B43D}.Release|Any CPU.Build.0 = Release|Any CPU
	EndGlobalSection
	GlobalSection(SolutionProperties) = preSolution
		HideSolutionNode = FALSE
	EndGlobalSection
	GlobalSection(ExtensibilityGlobals) = postSolution
		SolutionGuid = {5FF85184-0B00-4FCE-B3A0-338687842160}
	EndGlobalSection
EndGlobal
