
Microsoft Visual Studio Solution File, Format Version 12.00
# Visual Studio Version 16
VisualStudioVersion = 16.0.31624.102
MinimumVisualStudioVersion = 10.0.40219.1
Project("{FAE04EC0-301F-11D3-BF4B-00C04F79EFBC}") = "thuchanh", "thuchanh.csproj", "{2B062FF3-812C-4A18-BB3B-943629DDB110}"
EndProject
Global
	GlobalSection(SolutionConfigurationPlatforms) = preSolution
		Debug|Any CPU = Debug|Any CPU
		Release|Any CPU = Release|Any CPU
	EndGlobalSection
	GlobalSection(ProjectConfigurationPlatforms) = postSolution
		{2B062FF3-812C-4A18-BB3B-943629DDB110}.Debug|Any CPU.ActiveCfg = Debug|Any CPU
		{2B062FF3-812C-4A18-BB3B-943629DDB110}.Debug|Any CPU.Build.0 = Debug|Any CPU
		{2B062FF3-812C-4A18-BB3B-943629DDB110}.Release|Any CPU.ActiveCfg = Release|Any CPU
		{2B062FF3-812C-4A18-BB3B-943629DDB110}.Release|Any CPU.Build.0 = Release|Any CPU
	EndGlobalSection
	GlobalSection(SolutionProperties) = preSolution
		HideSolutionNode = FALSE
	EndGlobalSection
	GlobalSection(ExtensibilityGlobals) = postSolution
		SolutionGuid = {61B6476C-290B-4DF4-8E92-630F42E7F3DC}
	EndGlobalSection
EndGlobal
