
Microsoft Visual Studio Solution File, Format Version 12.00
# Visual Studio Version 16
VisualStudioVersion = 16.0.31624.102
MinimumVisualStudioVersion = 10.0.40219.1
Project("{FAE04EC0-301F-11D3-BF4B-00C04F79EFBC}") = "De4_Minh_026_C2_C2", "De4_Minh_026_C2_C2.csproj", "{E8AC9068-CBD9-4A85-B638-27EA17DE511A}"
EndProject
Global
	GlobalSection(SolutionConfigurationPlatforms) = preSolution
		Debug|Any CPU = Debug|Any CPU
		Release|Any CPU = Release|Any CPU
	EndGlobalSection
	GlobalSection(ProjectConfigurationPlatforms) = postSolution
		{E8AC9068-CBD9-4A85-B638-27EA17DE511A}.Debug|Any CPU.ActiveCfg = Debug|Any CPU
		{E8AC9068-CBD9-4A85-B638-27EA17DE511A}.Debug|Any CPU.Build.0 = Debug|Any CPU
		{E8AC9068-CBD9-4A85-B638-27EA17DE511A}.Release|Any CPU.ActiveCfg = Release|Any CPU
		{E8AC9068-CBD9-4A85-B638-27EA17DE511A}.Release|Any CPU.Build.0 = Release|Any CPU
	EndGlobalSection
	GlobalSection(SolutionProperties) = preSolution
		HideSolutionNode = FALSE
	EndGlobalSection
	GlobalSection(ExtensibilityGlobals) = postSolution
		SolutionGuid = {C805C76F-87E8-482B-BFCB-0684CDC61F2A}
	EndGlobalSection
EndGlobal
