
Microsoft Visual Studio Solution File, Format Version 12.00
# Visual Studio Version 16
VisualStudioVersion = 16.0.31624.102
MinimumVisualStudioVersion = 10.0.40219.1
Project("{FAE04EC0-301F-11D3-BF4B-00C04F79EFBC}") = "tuan9", "tuan9.csproj", "{C00FC3D0-FA41-4C0C-B8CB-E2201C839AA2}"
EndProject
Global
	GlobalSection(SolutionConfigurationPlatforms) = preSolution
		Debug|Any CPU = Debug|Any CPU
		Release|Any CPU = Release|Any CPU
	EndGlobalSection
	GlobalSection(ProjectConfigurationPlatforms) = postSolution
		{C00FC3D0-FA41-4C0C-B8CB-E2201C839AA2}.Debug|Any CPU.ActiveCfg = Debug|Any CPU
		{C00FC3D0-FA41-4C0C-B8CB-E2201C839AA2}.Debug|Any CPU.Build.0 = Debug|Any CPU
		{C00FC3D0-FA41-4C0C-B8CB-E2201C839AA2}.Release|Any CPU.ActiveCfg = Release|Any CPU
		{C00FC3D0-FA41-4C0C-B8CB-E2201C839AA2}.Release|Any CPU.Build.0 = Release|Any CPU
	EndGlobalSection
	GlobalSection(SolutionProperties) = preSolution
		HideSolutionNode = FALSE
	EndGlobalSection
	GlobalSection(ExtensibilityGlobals) = postSolution
		SolutionGuid = {DF0BE604-2463-452F-8C15-A77ADC21F053}
	EndGlobalSection
EndGlobal
