
Microsoft Visual Studio Solution File, Format Version 12.00
# Visual Studio Version 16
VisualStudioVersion = 16.0.31624.102
MinimumVisualStudioVersion = 10.0.40219.1
Project("{FAE04EC0-301F-11D3-BF4B-00C04F79EFBC}") = "btaptrclop", "btaptrclop\btaptrclop.csproj", "{34FC3682-4130-4919-9400-0A9045E3B495}"
EndProject
Global
	GlobalSection(SolutionConfigurationPlatforms) = preSolution
		Debug|Any CPU = Debug|Any CPU
		Release|Any CPU = Release|Any CPU
	EndGlobalSection
	GlobalSection(ProjectConfigurationPlatforms) = postSolution
		{34FC3682-4130-4919-9400-0A9045E3B495}.Debug|Any CPU.ActiveCfg = Debug|Any CPU
		{34FC3682-4130-4919-9400-0A9045E3B495}.Debug|Any CPU.Build.0 = Debug|Any CPU
		{34FC3682-4130-4919-9400-0A9045E3B495}.Release|Any CPU.ActiveCfg = Release|Any CPU
		{34FC3682-4130-4919-9400-0A9045E3B495}.Release|Any CPU.Build.0 = Release|Any CPU
	EndGlobalSection
	GlobalSection(SolutionProperties) = preSolution
		HideSolutionNode = FALSE
	EndGlobalSection
	GlobalSection(ExtensibilityGlobals) = postSolution
		SolutionGuid = {B297CBCE-9069-4962-BE11-7BC4D38C800E}
	EndGlobalSection
EndGlobal
