
Microsoft Visual Studio Solution File, Format Version 12.00
# Visual Studio Version 16
VisualStudioVersion = 16.0.31624.102
MinimumVisualStudioVersion = 10.0.40219.1
Project("{FAE04EC0-301F-11D3-BF4B-00C04F79EFBC}") = "9.1", "9.1\9.1.csproj", "{A20A728A-EBB6-42CA-88F8-BFF2CEB42EF4}"
EndProject
Project("{FAE04EC0-301F-11D3-BF4B-00C04F79EFBC}") = "9.2", "9.2\9.2.csproj", "{087FDD01-270A-472D-B0E2-44483C7D05AD}"
EndProject
Project("{FAE04EC0-301F-11D3-BF4B-00C04F79EFBC}") = "9.3", "9.3\9.3.csproj", "{AE2239EE-68C3-404A-A042-C23CA7CBEB58}"
EndProject
Project("{FAE04EC0-301F-11D3-BF4B-00C04F79EFBC}") = "9.4", "9.4\9.4.csproj", "{A6B7E6BD-0B65-405D-90F1-57776E99DC2E}"
EndProject
Project("{FAE04EC0-301F-11D3-BF4B-00C04F79EFBC}") = "9.5", "9.5\9.5.csproj", "{A23E0AF1-DC0D-4C10-B3E5-5CD1B12133A7}"
EndProject
Global
	GlobalSection(SolutionConfigurationPlatforms) = preSolution
		Debug|Any CPU = Debug|Any CPU
		Release|Any CPU = Release|Any CPU
	EndGlobalSection
	GlobalSection(ProjectConfigurationPlatforms) = postSolution
		{A20A728A-EBB6-42CA-88F8-BFF2CEB42EF4}.Debug|Any CPU.ActiveCfg = Debug|Any CPU
		{A20A728A-EBB6-42CA-88F8-BFF2CEB42EF4}.Debug|Any CPU.Build.0 = Debug|Any CPU
		{A20A728A-EBB6-42CA-88F8-BFF2CEB42EF4}.Release|Any CPU.ActiveCfg = Release|Any CPU
		{A20A728A-EBB6-42CA-88F8-BFF2CEB42EF4}.Release|Any CPU.Build.0 = Release|Any CPU
		{087FDD01-270A-472D-B0E2-44483C7D05AD}.Debug|Any CPU.ActiveCfg = Debug|Any CPU
		{087FDD01-270A-472D-B0E2-44483C7D05AD}.Debug|Any CPU.Build.0 = Debug|Any CPU
		{087FDD01-270A-472D-B0E2-44483C7D05AD}.Release|Any CPU.ActiveCfg = Release|Any CPU
		{087FDD01-270A-472D-B0E2-44483C7D05AD}.Release|Any CPU.Build.0 = Release|Any CPU
		{AE2239EE-68C3-404A-A042-C23CA7CBEB58}.Debug|Any CPU.ActiveCfg = Debug|Any CPU
		{AE2239EE-68C3-404A-A042-C23CA7CBEB58}.Debug|Any CPU.Build.0 = Debug|Any CPU
		{AE2239EE-68C3-404A-A042-C23CA7CBEB58}.Release|Any CPU.ActiveCfg = Release|Any CPU
		{AE2239EE-68C3-404A-A042-C23CA7CBEB58}.Release|Any CPU.Build.0 = Release|Any CPU
		{A6B7E6BD-0B65-405D-90F1-57776E99DC2E}.Debug|Any CPU.ActiveCfg = Debug|Any CPU
		{A6B7E6BD-0B65-405D-90F1-57776E99DC2E}.Debug|Any CPU.Build.0 = Debug|Any CPU
		{A6B7E6BD-0B65-405D-90F1-57776E99DC2E}.Release|Any CPU.ActiveCfg = Release|Any CPU
		{A6B7E6BD-0B65-405D-90F1-57776E99DC2E}.Release|Any CPU.Build.0 = Release|Any CPU
		{A23E0AF1-DC0D-4C10-B3E5-5CD1B12133A7}.Debug|Any CPU.ActiveCfg = Debug|Any CPU
		{A23E0AF1-DC0D-4C10-B3E5-5CD1B12133A7}.Debug|Any CPU.Build.0 = Debug|Any CPU
		{A23E0AF1-DC0D-4C10-B3E5-5CD1B12133A7}.Release|Any CPU.ActiveCfg = Release|Any CPU
		{A23E0AF1-DC0D-4C10-B3E5-5CD1B12133A7}.Release|Any CPU.Build.0 = Release|Any CPU
	EndGlobalSection
	GlobalSection(SolutionProperties) = preSolution
		HideSolutionNode = FALSE
	EndGlobalSection
	GlobalSection(ExtensibilityGlobals) = postSolution
		SolutionGuid = {27D63191-3254-4AD1-8B90-7542A5C67E87}
	EndGlobalSection
EndGlobal
